
Microsoft Visual Studio Solution File, Format Version 12.00
# Visual Studio 2013
VisualStudioVersion = 12.0.40629.0
MinimumVisualStudioVersion = 10.0.40219.1
Project("{8BC9CEB8-8B4A-11D0-8D11-00A0C91BC942}") = "RandomNumTools-Windows", "RandomNumTools-Windows\RandomNumTools-Windows.vcxproj", "{C85D98A7-FB3E-49DF-A4C2-F1F90CA10558}"
EndProject
Global
	GlobalSection(SolutionConfigurationPlatforms) = preSolution
		Debug|Win32 = Debug|Win32
		Release|Win32 = Release|Win32
	EndGlobalSection
	GlobalSection(ProjectConfigurationPlatforms) = postSolution
		{C85D98A7-FB3E-49DF-A4C2-F1F90CA10558}.Debug|Win32.ActiveCfg = Debug|Win32
		{C85D98A7-FB3E-49DF-A4C2-F1F90CA10558}.Debug|Win32.Build.0 = Debug|Win32
		{C85D98A7-FB3E-49DF-A4C2-F1F90CA10558}.Release|Win32.ActiveCfg = Release|Win32
		{C85D98A7-FB3E-49DF-A4C2-F1F90CA10558}.Release|Win32.Build.0 = Release|Win32
	EndGlobalSection
	GlobalSection(SolutionProperties) = preSolution
		HideSolutionNode = FALSE
	EndGlobalSection
EndGlobal
